lockfileVersion: '6.0'

settings:
  autoInstallPeers: true
  excludeLinksFromLockfile: false

dependencies:
  bun:
    specifier: ^1.1.13
    version: 1.1.13
  typescript:
    specifier: ^5.0.0
    version: 5.4.5

devDependencies:
  '@types/bun':
    specifier: latest
    version: 1.1.4
  '@vercel/blob':
    specifier: ^0.23.3
    version: 0.23.3

packages:

  /@fastify/busboy@2.1.1:
    resolution: {integrity: sha512-vBZP4NlzfOlerQTnba4aqZoMhE/a9HY7HRqoOPaETQcSQuWEIyZMHGfVu6w9wGtGK5fED5qRs2DteVCjOH60sA==}
    engines: {node: '>=14'}
    dev: true

  /@oven/bun-darwin-aarch64@1.1.13:
    resolution: {integrity: sha512-XjnL/B3i7s3xR7f7rYtXU5fyVb27g1Hd5fsmkyi1sNmB/34Lt/KRMmhp4C7brjxFtbI3NSkrvF+b3PkprQzPCA==}
    cpu: [arm64]
    os: [darwin]
    requiresBuild: true
    dev: false
    optional: true

  /@oven/bun-darwin-x64-baseline@1.1.13:
    resolution: {integrity: sha512-RvVAeFMIayd8HKJqkWnZdI9BQJbH87jAXhNVMLlHpGqP4JVvkPLCKJT5jr9/4FGeWtQmMMZufH6PzTxpHCc9HQ==}
    cpu: [x64]
    os: [darwin]
    requiresBuild: true
    dev: false
    optional: true

  /@oven/bun-darwin-x64@1.1.13:
    resolution: {integrity: sha512-N9t2JHLIEs/n+d7R6ybU/3d7o7xGeKd1U3vip9RMLaEAaJM6mfByAHmhwaQesr3Z6ljcs1zkQJNaFMJA/cJqnA==}
    cpu: [x64]
    os: [darwin]
    requiresBuild: true
    dev: false
    optional: true

  /@oven/bun-linux-aarch64@1.1.13:
    resolution: {integrity: sha512-5F9EKOjQauRXr+D3VjeMebKyq93xhdgrBOfpPnAn/C+NLFs1Wa2ZjwGAKjW2akmqht6milHft3sbsnCIR+MWIQ==}
    cpu: [arm64]
    os: [linux]
    requiresBuild: true
    dev: false
    optional: true

  /@oven/bun-linux-x64-baseline@1.1.13:
    resolution: {integrity: sha512-0zhCVLsFcIyfqqsum7XUejuF3QhRkhI1DxgHQrLs16EKS4gt4X4A49jgTIHOvyedHcKb3FZOLsyjpOejB8kIpg==}
    cpu: [x64]
    os: [linux]
    requiresBuild: true
    dev: false
    optional: true

  /@oven/bun-linux-x64@1.1.13:
    resolution: {integrity: sha512-3mq50HhwJbAwu0Dw6OCB5PS6uD1bpFGb8XrEgxnOB3ZydCBOVRRjoY1Jb8HjYHVKzFJZoPrUqulToA8od3IzeQ==}
    cpu: [x64]
    os: [linux]
    requiresBuild: true
    dev: false
    optional: true

  /@oven/bun-windows-x64-baseline@1.1.13:
    resolution: {integrity: sha512-7CVWrc/6LSRrdkxwBjAt4ehqQrLxC9k8+LI7VZKAYt1yNHM3JaOhcPyt3AJB10cmzc5HA/q/uSi6xcNUnlCWiA==}
    cpu: [x64]
    os: [win32]
    requiresBuild: true
    dev: false
    optional: true

  /@oven/bun-windows-x64@1.1.13:
    resolution: {integrity: sha512-PwFKQVFzhpUMAF86PwIEctfFT8ZQe1Gueqn1dKk07lwJOBve+Ou2NUEoQsq0eac0Cbw2C20fScjyVzDBwIMIPQ==}
    cpu: [x64]
    os: [win32]
    requiresBuild: true
    dev: false
    optional: true

  /@types/bun@1.1.4:
    resolution: {integrity: sha512-ejSuv/3s0hTHj/nkkLzBlHxm4JxOPygbLNi0kzM6ooq8rOiQvIUCv7RRErTaWSfb+QVnKz6x7qlp8N86bGDiIg==}
    dependencies:
      bun-types: 1.1.13
    dev: true

  /@types/node@20.12.14:
    resolution: {integrity: sha512-scnD59RpYD91xngrQQLGkE+6UrHUPzeKZWhhjBSa3HSkwjbQc38+q3RoIVEwxQGRw3M+j5hpNAM+lgV3cVormg==}
    dependencies:
      undici-types: 5.26.5
    dev: true

  /@types/ws@8.5.10:
    resolution: {integrity: sha512-vmQSUcfalpIq0R9q7uTo2lXs6eGIpt9wtnLdMv9LVpIjCA/+ufZRozlVoVelIYixx1ugCBKDhn89vnsEGOCx9A==}
    dependencies:
      '@types/node': 20.12.14
    dev: true

  /@vercel/blob@0.23.3:
    resolution: {integrity: sha512-6Zr/9twzWpMJp4ap1fwLIcKkehju6UR8D1BK2+QUfGPxlXQBusxwBJzf3TqATCSceeShaJsALHaSDwuKDFpoTw==}
    engines: {node: '>=16.14'}
    dependencies:
      async-retry: 1.3.3
      bytes: 3.1.2
      is-buffer: 2.0.5
      undici: 5.28.4
    dev: true

  /async-retry@1.3.3:
    resolution: {integrity: sha512-wfr/jstw9xNi/0teMHrRW7dsz3Lt5ARhYNZ2ewpadnhaIp5mbALhOAP+EAdsC7t4Z6wqsDVv9+W6gm1Dk9mEyw==}
    dependencies:
      retry: 0.13.1
    dev: true

  /bun-types@1.1.13:
    resolution: {integrity: sha512-G/TqF0SsMQGLr4g7K3B2BK8BrPEA1EqCNwxZbyRdj5M4t54zvwyaqvRJOW34kuPqc2IvNNalRU3swc8B4oc4FA==}
    dependencies:
      '@types/node': 20.12.14
      '@types/ws': 8.5.10
    dev: true

  /bun@1.1.13:
    resolution: {integrity: sha512-yrujTLEspzQJfh7hd2xkYM5skQsjBwVm/wq0cyYBkR5x4FRveOUqeAqtFOPH4aHvsDgwVN+dO0uIrlvE7dDsDQ==}
    cpu: [arm64, x64]
    os: [darwin, linux, win32]
    hasBin: true
    requiresBuild: true
    optionalDependencies:
      '@oven/bun-darwin-aarch64': 1.1.13
      '@oven/bun-darwin-x64': 1.1.13
      '@oven/bun-darwin-x64-baseline': 1.1.13
      '@oven/bun-linux-aarch64': 1.1.13
      '@oven/bun-linux-x64': 1.1.13
      '@oven/bun-linux-x64-baseline': 1.1.13
      '@oven/bun-windows-x64': 1.1.13
      '@oven/bun-windows-x64-baseline': 1.1.13
    dev: false

  /bytes@3.1.2:
    resolution: {integrity: sha512-/Nf7TyzTx6S3yRJObOAV7956r8cr2+Oj8AC5dt8wSP3BQAoeX58NoHyCU8P8zGkNXStjTSi6fzO6F0pBdcYbEg==}
    engines: {node: '>= 0.8'}
    dev: true

  /is-buffer@2.0.5:
    resolution: {integrity: sha512-i2R6zNFDwgEHJyQUtJEk0XFi1i0dPFn/oqjK3/vPCcDeJvW5NQ83V8QbicfF1SupOaB0h8ntgBC2YiE7dfyctQ==}
    engines: {node: '>=4'}
    dev: true

  /retry@0.13.1:
    resolution: {integrity: sha512-XQBQ3I8W1Cge0Seh+6gjj03LbmRFWuoszgK9ooCpwYIrhhoO80pfq4cUkU5DkknwfOfFteRwlZ56PYOGYyFWdg==}
    engines: {node: '>= 4'}
    dev: true

  /typescript@5.4.5:
    resolution: {integrity: sha512-vcI4UpRgg81oIRUFwR0WSIHKt11nJ7SAVlYNIu+QpqeyXP+gpQJy/Z4+F0aGxSE4MqwjyXvW/TzgkLAx2AGHwQ==}
    engines: {node: '>=14.17'}
    hasBin: true
    dev: false

  /undici-types@5.26.5:
    resolution: {integrity: sha512-JlCMO+ehdEIKqlFxk6IfVoAUVmgz7cU7zD/h9XZ0qzeosSHmUJVOzSQvvYSYWXkFXC+IfLKSIffhv0sVZup6pA==}
    dev: true

  /undici@5.28.4:
    resolution: {integrity: sha512-72RFADWFqKmUb2hmmvNODKL3p9hcB6Gt2DOQMis1SEBaV6a4MH8soBvzg+95CYhCKPFedut2JY9bMfrDl9D23g==}
    engines: {node: '>=14.0'}
    dependencies:
      '@fastify/busboy': 2.1.1
    dev: true
